
Microsoft Visual Studio Solution File, Format Version 12.00
# Visual Studio Version 17
VisualStudioVersion = 17.13.35825.156
MinimumVisualStudioVersion = 10.0.40219.1
Project("{2150E333-8FDC-42A3-9474-1A3956D46DE8}") = "services", "services", "{02EA681E-C7D8-13C7-8484-4AC65E1B71E8}"
EndProject
Project("{2150E333-8FDC-42A3-9474-1A3956D46DE8}") = "catalog", "catalog", "{68797CAF-4C00-40F1-8C25-E9EC2DB00C69}"
EndProject
Project("{FAE04EC0-301F-11D3-BF4B-00C04F79EFBC}") = "Catalog.Api", "services\catalog\Catalog.Api\Catalog.Api.csproj", "{C4997BE6-AEB7-4204-A320-4AF02A319FD2}"
EndProject
Project("{2150E333-8FDC-42A3-9474-1A3956D46DE8}") = "BuildingBlocks", "BuildingBlocks", "{0A7BD1A7-DED3-497F-9B19-7659A8CBD2B0}"
EndProject
Project("{FAE04EC0-301F-11D3-BF4B-00C04F79EFBC}") = "BuildingBlocks", "BuildingBlocks\BuildingBlocks\BuildingBlocks.csproj", "{7245FF68-7578-4ACD-A3AD-6F6DA4B54E8E}"
EndProject
Global
	GlobalSection(SolutionConfigurationPlatforms) = preSolution
		Debug|Any CPU = Debug|Any CPU
		Release|Any CPU = Release|Any CPU
	EndGlobalSection
	GlobalSection(ProjectConfigurationPlatforms) = postSolution
		{C4997BE6-AEB7-4204-A320-4AF02A319FD2}.Debug|Any CPU.ActiveCfg = Debug|Any CPU
		{C4997BE6-AEB7-4204-A320-4AF02A319FD2}.Debug|Any CPU.Build.0 = Debug|Any CPU
		{C4997BE6-AEB7-4204-A320-4AF02A319FD2}.Release|Any CPU.ActiveCfg = Release|Any CPU
		{C4997BE6-AEB7-4204-A320-4AF02A319FD2}.Release|Any CPU.Build.0 = Release|Any CPU
		{7245FF68-7578-4ACD-A3AD-6F6DA4B54E8E}.Debug|Any CPU.ActiveCfg = Debug|Any CPU
		{7245FF68-7578-4ACD-A3AD-6F6DA4B54E8E}.Debug|Any CPU.Build.0 = Debug|Any CPU
		{7245FF68-7578-4ACD-A3AD-6F6DA4B54E8E}.Release|Any CPU.ActiveCfg = Release|Any CPU
		{7245FF68-7578-4ACD-A3AD-6F6DA4B54E8E}.Release|Any CPU.Build.0 = Release|Any CPU
	EndGlobalSection
	GlobalSection(SolutionProperties) = preSolution
		HideSolutionNode = FALSE
	EndGlobalSection
	GlobalSection(NestedProjects) = preSolution
		{68797CAF-4C00-40F1-8C25-E9EC2DB00C69} = {02EA681E-C7D8-13C7-8484-4AC65E1B71E8}
		{C4997BE6-AEB7-4204-A320-4AF02A319FD2} = {68797CAF-4C00-40F1-8C25-E9EC2DB00C69}
		{7245FF68-7578-4ACD-A3AD-6F6DA4B54E8E} = {0A7BD1A7-DED3-497F-9B19-7659A8CBD2B0}
	EndGlobalSection
	GlobalSection(ExtensibilityGlobals) = postSolution
		SolutionGuid = {5BFA320B-8140-4507-8676-35AE2EE1C5F4}
	EndGlobalSection
EndGlobal
